
Microsoft Visual Studio Solution File, Format Version 12.00
# Visual Studio Version 17
VisualStudioVersion = 17.2.32519.379
MinimumVisualStudioVersion = 10.0.40219.1
Project("{FAE04EC0-301F-11D3-BF4B-00C04F79EFBC}") = "Lab1Os", "Lab1Os.csproj", "{7619A4C5-8E69-47F3-8474-A43B4EDF9331}"
EndProject
Global
	GlobalSection(SolutionConfigurationPlatforms) = preSolution
		Debug|Any CPU = Debug|Any CPU
		Release|Any CPU = Release|Any CPU
	EndGlobalSection
	GlobalSection(ProjectConfigurationPlatforms) = postSolution
		{7619A4C5-8E69-47F3-8474-A43B4EDF9331}.Debug|Any CPU.ActiveCfg = Debug|Any CPU
		{7619A4C5-8E69-47F3-8474-A43B4EDF9331}.Debug|Any CPU.Build.0 = Debug|Any CPU
		{7619A4C5-8E69-47F3-8474-A43B4EDF9331}.Release|Any CPU.ActiveCfg = Release|Any CPU
		{7619A4C5-8E69-47F3-8474-A43B4EDF9331}.Release|Any CPU.Build.0 = Release|Any CPU
	EndGlobalSection
	GlobalSection(SolutionProperties) = preSolution
		HideSolutionNode = FALSE
	EndGlobalSection
	GlobalSection(ExtensibilityGlobals) = postSolution
		SolutionGuid = {2B22D295-D5B8-4A1C-B23D-0D2998CACD9A}
	EndGlobalSection
EndGlobal
