
Microsoft Visual Studio Solution File, Format Version 12.00
# Visual Studio Version 17
VisualStudioVersion = 17.2.32519.379
MinimumVisualStudioVersion = 10.0.40219.1
Project("{FAE04EC0-301F-11D3-BF4B-00C04F79EFBC}") = "Lab2OS", "Lab2OS.csproj", "{BF8673B0-A856-43B5-A4FA-FB7C6E3F19EC}"
EndProject
Global
	GlobalSection(SolutionConfigurationPlatforms) = preSolution
		Debug|Any CPU = Debug|Any CPU
		Release|Any CPU = Release|Any CPU
	EndGlobalSection
	GlobalSection(ProjectConfigurationPlatforms) = postSolution
		{BF8673B0-A856-43B5-A4FA-FB7C6E3F19EC}.Debug|Any CPU.ActiveCfg = Debug|Any CPU
		{BF8673B0-A856-43B5-A4FA-FB7C6E3F19EC}.Debug|Any CPU.Build.0 = Debug|Any CPU
		{BF8673B0-A856-43B5-A4FA-FB7C6E3F19EC}.Release|Any CPU.ActiveCfg = Release|Any CPU
		{BF8673B0-A856-43B5-A4FA-FB7C6E3F19EC}.Release|Any CPU.Build.0 = Release|Any CPU
	EndGlobalSection
	GlobalSection(SolutionProperties) = preSolution
		HideSolutionNode = FALSE
	EndGlobalSection
	GlobalSection(ExtensibilityGlobals) = postSolution
		SolutionGuid = {A884F456-6A56-48AD-BEB5-1DCB574BF512}
	EndGlobalSection
EndGlobal
