
Microsoft Visual Studio Solution File, Format Version 12.00
# Visual Studio Version 17
VisualStudioVersion = 17.2.32519.379
MinimumVisualStudioVersion = 10.0.40219.1
Project("{FAE04EC0-301F-11D3-BF4B-00C04F79EFBC}") = "ServerG", "ServerG.csproj", "{347AB428-39D0-402C-A1DC-68E97EDD89A8}"
EndProject
Global
	GlobalSection(SolutionConfigurationPlatforms) = preSolution
		Debug|Any CPU = Debug|Any CPU
		Release|Any CPU = Release|Any CPU
	EndGlobalSection
	GlobalSection(ProjectConfigurationPlatforms) = postSolution
		{347AB428-39D0-402C-A1DC-68E97EDD89A8}.Debug|Any CPU.ActiveCfg = Debug|Any CPU
		{347AB428-39D0-402C-A1DC-68E97EDD89A8}.Debug|Any CPU.Build.0 = Debug|Any CPU
		{347AB428-39D0-402C-A1DC-68E97EDD89A8}.Release|Any CPU.ActiveCfg = Release|Any CPU
		{347AB428-39D0-402C-A1DC-68E97EDD89A8}.Release|Any CPU.Build.0 = Release|Any CPU
	EndGlobalSection
	GlobalSection(SolutionProperties) = preSolution
		HideSolutionNode = FALSE
	EndGlobalSection
	GlobalSection(ExtensibilityGlobals) = postSolution
		SolutionGuid = {EEE7E544-9B1F-40AC-BC8E-F6F8185C4056}
	EndGlobalSection
EndGlobal
